
Microsoft Visual Studio Solution File, Format Version 12.00
# Visual Studio Version 17
VisualStudioVersion = 17.11.35208.52
MinimumVisualStudioVersion = 10.0.40219.1
Project("{FAE04EC0-301F-11D3-BF4B-00C04F79EFBC}") = "NunesStorage", "NunesStorage.csproj", "{FB27AE53-5D3C-4D37-BE3F-E383CAD4A900}"
EndProject
Global
	GlobalSection(SolutionConfigurationPlatforms) = preSolution
		Debug|Any CPU = Debug|Any CPU
		Release|Any CPU = Release|Any CPU
	EndGlobalSection
	GlobalSection(ProjectConfigurationPlatforms) = postSolution
		{FB27AE53-5D3C-4D37-BE3F-E383CAD4A900}.Debug|Any CPU.ActiveCfg = Debug|Any CPU
		{FB27AE53-5D3C-4D37-BE3F-E383CAD4A900}.Debug|Any CPU.Build.0 = Debug|Any CPU
		{FB27AE53-5D3C-4D37-BE3F-E383CAD4A900}.Release|Any CPU.ActiveCfg = Release|Any CPU
		{FB27AE53-5D3C-4D37-BE3F-E383CAD4A900}.Release|Any CPU.Build.0 = Release|Any CPU
	EndGlobalSection
	GlobalSection(SolutionProperties) = preSolution
		HideSolutionNode = FALSE
	EndGlobalSection
	GlobalSection(ExtensibilityGlobals) = postSolution
		SolutionGuid = {164C8B8C-FBC5-410F-8273-33B111C22900}
	EndGlobalSection
EndGlobal
